
Microsoft Visual Studio Solution File, Format Version 12.00
# Visual Studio Version 17
VisualStudioVersion = 17.4.33213.308
MinimumVisualStudioVersion = 10.0.40219.1
Project("{8BC9CEB8-8B4A-11D0-8D11-00A0C91BC942}") = "Mad", "Mad\Mad.vcxproj", "{B0D94EAC-E2B5-4F85-B9F2-125F65EBD3B5}"
EndProject
Project("{2150E333-8FDC-42A3-9474-1A3956D46DE8}") = "example", "example", "{3E86F454-E6FF-458C-B309-4E98A0966C98}"
EndProject
Project("{8BC9CEB8-8B4A-11D0-8D11-00A0C91BC942}") = "client", "example\client\client.vcxproj", "{15B0C675-7812-4F99-A146-1682EA43589D}"
EndProject
Project("{8BC9CEB8-8B4A-11D0-8D11-00A0C91BC942}") = "server", "example\server\server.vcxproj", "{292C540C-A379-4841-8860-FE388EF657D5}"
EndProject
Global
	GlobalSection(SolutionConfigurationPlatforms) = preSolution
		Debug|x64 = Debug|x64
		Debug|x86 = Debug|x86
		Release|x64 = Release|x64
		Release|x86 = Release|x86
	EndGlobalSection
	GlobalSection(ProjectConfigurationPlatforms) = postSolution
		{B0D94EAC-E2B5-4F85-B9F2-125F65EBD3B5}.Debug|x64.ActiveCfg = Debug|x64
		{B0D94EAC-E2B5-4F85-B9F2-125F65EBD3B5}.Debug|x64.Build.0 = Debug|x64
		{B0D94EAC-E2B5-4F85-B9F2-125F65EBD3B5}.Debug|x86.ActiveCfg = Debug|Win32
		{B0D94EAC-E2B5-4F85-B9F2-125F65EBD3B5}.Debug|x86.Build.0 = Debug|Win32
		{B0D94EAC-E2B5-4F85-B9F2-125F65EBD3B5}.Release|x64.ActiveCfg = Release|x64
		{B0D94EAC-E2B5-4F85-B9F2-125F65EBD3B5}.Release|x64.Build.0 = Release|x64
		{B0D94EAC-E2B5-4F85-B9F2-125F65EBD3B5}.Release|x86.ActiveCfg = Release|Win32
		{B0D94EAC-E2B5-4F85-B9F2-125F65EBD3B5}.Release|x86.Build.0 = Release|Win32
		{15B0C675-7812-4F99-A146-1682EA43589D}.Debug|x64.ActiveCfg = Debug|x64
		{15B0C675-7812-4F99-A146-1682EA43589D}.Debug|x64.Build.0 = Debug|x64
		{15B0C675-7812-4F99-A146-1682EA43589D}.Debug|x86.ActiveCfg = Debug|Win32
		{15B0C675-7812-4F99-A146-1682EA43589D}.Debug|x86.Build.0 = Debug|Win32
		{15B0C675-7812-4F99-A146-1682EA43589D}.Release|x64.ActiveCfg = Release|x64
		{15B0C675-7812-4F99-A146-1682EA43589D}.Release|x64.Build.0 = Release|x64
		{15B0C675-7812-4F99-A146-1682EA43589D}.Release|x86.ActiveCfg = Release|Win32
		{15B0C675-7812-4F99-A146-1682EA43589D}.Release|x86.Build.0 = Release|Win32
		{292C540C-A379-4841-8860-FE388EF657D5}.Debug|x64.ActiveCfg = Debug|x64
		{292C540C-A379-4841-8860-FE388EF657D5}.Debug|x64.Build.0 = Debug|x64
		{292C540C-A379-4841-8860-FE388EF657D5}.Debug|x86.ActiveCfg = Debug|Win32
		{292C540C-A379-4841-8860-FE388EF657D5}.Debug|x86.Build.0 = Debug|Win32
		{292C540C-A379-4841-8860-FE388EF657D5}.Release|x64.ActiveCfg = Release|x64
		{292C540C-A379-4841-8860-FE388EF657D5}.Release|x64.Build.0 = Release|x64
		{292C540C-A379-4841-8860-FE388EF657D5}.Release|x86.ActiveCfg = Release|Win32
		{292C540C-A379-4841-8860-FE388EF657D5}.Release|x86.Build.0 = Release|Win32
	EndGlobalSection
	GlobalSection(SolutionProperties) = preSolution
		HideSolutionNode = FALSE
	EndGlobalSection
	GlobalSection(NestedProjects) = preSolution
		{15B0C675-7812-4F99-A146-1682EA43589D} = {3E86F454-E6FF-458C-B309-4E98A0966C98}
		{292C540C-A379-4841-8860-FE388EF657D5} = {3E86F454-E6FF-458C-B309-4E98A0966C98}
	EndGlobalSection
	GlobalSection(ExtensibilityGlobals) = postSolution
		SolutionGuid = {64BCCC7F-63FB-48D3-9103-C7970CF61C7A}
	EndGlobalSection
EndGlobal
